// !$*UTF8*$!
{
	archiveVersion = 1;
	classes = {
	};
	objectVersion = 51;
	objects = {

/* Begin PBXBuildFile section */
		2F0625FF22DC9058008B6573 /* ProjectModelTests.swift in Sources */ = {isa = PBXBuildFile; fileRef = 2F0625FE22DC9058008B6573 /* ProjectModelTests.swift */; };
		2F06260622DC9AA2008B6573 /* UIImage+Extensions.swift in Sources */ = {isa = PBXBuildFile; fileRef = 2F40716F22C26852008181F8 /* UIImage+Extensions.swift */; };
		2F06260722DC9ACD008B6573 /* UIViewController+Extensions.swift in Sources */ = {isa = PBXBuildFile; fileRef = 2F40715D22C23818008181F8 /* UIViewController+Extensions.swift */; };
		2F06260822DC9AD0008B6573 /* NSPointerArray+Extensions.swift in Sources */ = {isa = PBXBuildFile; fileRef = 2F40715F22C238BC008181F8 /* NSPointerArray+Extensions.swift */; };
		2F06260922DC9AD4008B6573 /* String+Extensions.swift in Sources */ = {isa = PBXBuildFile; fileRef = 2F40717122C26FE8008181F8 /* String+Extensions.swift */; };
		2F06260A22DC9AD7008B6573 /* UIColor+Extensions.swift in Sources */ = {isa = PBXBuildFile; fileRef = 2FCAFC1722C53B2B00A5E37A /* UIColor+Extensions.swift */; };
		2F06260B22DC9AD9008B6573 /* Random+Extensions.swift in Sources */ = {isa = PBXBuildFile; fileRef = 2FD8993222C6500500C193FE /* Random+Extensions.swift */; };
		2F06260C22DC9B12008B6573 /* AppDelegate.swift in Sources */ = {isa = PBXBuildFile; fileRef = 2F40713A22C23293008181F8 /* AppDelegate.swift */; };
		2F06260D22DC9B14008B6573 /* App.swift in Sources */ = {isa = PBXBuildFile; fileRef = 2F40714D22C233B1008181F8 /* App.swift */; };
		2F06260E22DC9B1F008B6573 /* ToolBox.swift in Sources */ = {isa = PBXBuildFile; fileRef = 2F40715922C23504008181F8 /* ToolBox.swift */; };
		2F06260F22DC9B22008B6573 /* Palette.swift in Sources */ = {isa = PBXBuildFile; fileRef = 2FCA1B6322CA56CD00D12415 /* Palette.swift */; };
		2F06261022DC9B35008B6573 /* EmptyViewController.swift in Sources */ = {isa = PBXBuildFile; fileRef = 2F2B629B22CFD2E4004B3BC1 /* EmptyViewController.swift */; };
		2F06261122DC9B38008B6573 /* ViewController.swift in Sources */ = {isa = PBXBuildFile; fileRef = 2FD8993922C684AE00C193FE /* ViewController.swift */; };
		2F06261222DC9B3B008B6573 /* TestFluxVC.swift in Sources */ = {isa = PBXBuildFile; fileRef = 2F40716322C23A0B008181F8 /* TestFluxVC.swift */; };
		2F06261322DC9B3D008B6573 /* AppStartViewController.swift in Sources */ = {isa = PBXBuildFile; fileRef = 2F40716422C23A0B008181F8 /* AppStartViewController.swift */; };
		2F06261422DC9B40008B6573 /* SampleViewController.swift in Sources */ = {isa = PBXBuildFile; fileRef = 2FD8993722C67EB500C193FE /* SampleViewController.swift */; };
		2F06261522DC9B43008B6573 /* PhotoViewController.swift in Sources */ = {isa = PBXBuildFile; fileRef = 2F2B629D22CFD342004B3BC1 /* PhotoViewController.swift */; };
		2F06261622DC9B5F008B6573 /* UIBubbleView.swift in Sources */ = {isa = PBXBuildFile; fileRef = 2FD5B1A122CB76F100B3C1D4 /* UIBubbleView.swift */; };
		2F06261722DC9B6A008B6573 /* LaunchScreen.storyboard in Resources */ = {isa = PBXBuildFile; fileRef = 2F40714322C23294008181F8 /* LaunchScreen.storyboard */; };
		2F06261822DC9B6F008B6573 /* Start.storyboard in Resources */ = {isa = PBXBuildFile; fileRef = 2F40716122C239E9008181F8 /* Start.storyboard */; };
		2F06261922DC9B72008B6573 /* Main.storyboard in Resources */ = {isa = PBXBuildFile; fileRef = 2F40713E22C23293008181F8 /* Main.storyboard */; };
		2F06261A22DC9B8F008B6573 /* SampleManager.swift in Sources */ = {isa = PBXBuildFile; fileRef = 2FD8993522C67CEC00C193FE /* SampleManager.swift */; };
		2F06261B22DC9B95008B6573 /* color1.jpg in Resources */ = {isa = PBXBuildFile; fileRef = 2FCA1B4B22CA1EB700D12415 /* color1.jpg */; };
		2F06261C22DC9B99008B6573 /* color2.jpg in Resources */ = {isa = PBXBuildFile; fileRef = 2FCA1B4A22CA1EB700D12415 /* color2.jpg */; };
		2F06261D22DC9B99008B6573 /* blue_tshirt.jpg in Resources */ = {isa = PBXBuildFile; fileRef = 2FCAFC1522C5319D00A5E37A /* blue_tshirt.jpg */; };
		2F06261E22DC9B99008B6573 /* chroma_key.jpg in Resources */ = {isa = PBXBuildFile; fileRef = 2FCAFC1322C5270000A5E37A /* chroma_key.jpg */; };
		2F06261F22DC9B99008B6573 /* qrcode.png in Resources */ = {isa = PBXBuildFile; fileRef = 2FCAFC0F22C4E36100A5E37A /* qrcode.png */; };
		2F06262022DC9B99008B6573 /* faces1.jpg in Resources */ = {isa = PBXBuildFile; fileRef = 2FCAFC0D22C4DEEA00A5E37A /* faces1.jpg */; };
		2F06262122DC9B99008B6573 /* mask_alpha.png in Resources */ = {isa = PBXBuildFile; fileRef = 2F5D214922C3F6430049B7DA /* mask_alpha.png */; };
		2F06262222DC9B99008B6573 /* mask_gray.jpg in Resources */ = {isa = PBXBuildFile; fileRef = 2F5D214722C3F5700049B7DA /* mask_gray.jpg */; };
		2F06262322DC9B99008B6573 /* fish.jpg in Resources */ = {isa = PBXBuildFile; fileRef = 2F5D214522C3EC780049B7DA /* fish.jpg */; };
		2F06262422DC9B9E008B6573 /* animation.gif in Resources */ = {isa = PBXBuildFile; fileRef = 2F5D214122C39D8E0049B7DA /* animation.gif */; };
		2F06262522DC9BA5008B6573 /* SampleDataSource.swift in Sources */ = {isa = PBXBuildFile; fileRef = 2FCAFC1D22C552F700A5E37A /* SampleDataSource.swift */; };
		2F06262622DC9BAC008B6573 /* TextComposer.swift in Sources */ = {isa = PBXBuildFile; fileRef = 2F86EAE622CE4CE9009564CD /* TextComposer.swift */; };
		2F06262722DC9BD5008B6573 /* ConnectionManager.swift in Sources */ = {isa = PBXBuildFile; fileRef = 2F40716B22C242BD008181F8 /* ConnectionManager.swift */; };
		2F06262822DC9BD8008B6573 /* Reachability.swift in Sources */ = {isa = PBXBuildFile; fileRef = 2F40716A22C242BD008181F8 /* Reachability.swift */; };
		2F06262922DC9BDA008B6573 /* ConnectionAlamofire.swift in Sources */ = {isa = PBXBuildFile; fileRef = 2FCAFC1B22C5526B00A5E37A /* ConnectionAlamofire.swift */; };
		2F2B629C22CFD2E4004B3BC1 /* EmptyViewController.swift in Sources */ = {isa = PBXBuildFile; fileRef = 2F2B629B22CFD2E4004B3BC1 /* EmptyViewController.swift */; };
		2F2B629E22CFD342004B3BC1 /* PhotoViewController.swift in Sources */ = {isa = PBXBuildFile; fileRef = 2F2B629D22CFD342004B3BC1 /* PhotoViewController.swift */; };
		2F2E363722EB921B00948EA2 /* MyTable.strings in Resources */ = {isa = PBXBuildFile; fileRef = 2F2E363622EB921B00948EA2 /* MyTable.strings */; };
		2F3DC04222E0FD5300274425 /* face.jpg in Resources */ = {isa = PBXBuildFile; fileRef = 2F3DC04122E0FD5300274425 /* face.jpg */; };
		2F40713B22C23293008181F8 /* AppDelegate.swift in Sources */ = {isa = PBXBuildFile; fileRef = 2F40713A22C23293008181F8 /* AppDelegate.swift */; };
		2F40714022C23293008181F8 /* Main.storyboard in Resources */ = {isa = PBXBuildFile; fileRef = 2F40713E22C23293008181F8 /* Main.storyboard */; };
		2F40714222C23294008181F8 /* Assets.xcassets in Resources */ = {isa = PBXBuildFile; fileRef = 2F40714122C23294008181F8 /* Assets.xcassets */; };
		2F40714522C23294008181F8 /* LaunchScreen.storyboard in Resources */ = {isa = PBXBuildFile; fileRef = 2F40714322C23294008181F8 /* LaunchScreen.storyboard */; };
		2F40714E22C233B1008181F8 /* App.swift in Sources */ = {isa = PBXBuildFile; fileRef = 2F40714D22C233B1008181F8 /* App.swift */; };
		2F40715A22C23504008181F8 /* ToolBox.swift in Sources */ = {isa = PBXBuildFile; fileRef = 2F40715922C23504008181F8 /* ToolBox.swift */; };
		2F40715E22C23818008181F8 /* UIViewController+Extensions.swift in Sources */ = {isa = PBXBuildFile; fileRef = 2F40715D22C23818008181F8 /* UIViewController+Extensions.swift */; };
		2F40716022C238BC008181F8 /* NSPointerArray+Extensions.swift in Sources */ = {isa = PBXBuildFile; fileRef = 2F40715F22C238BC008181F8 /* NSPointerArray+Extensions.swift */; };
		2F40716222C239E9008181F8 /* Start.storyboard in Resources */ = {isa = PBXBuildFile; fileRef = 2F40716122C239E9008181F8 /* Start.storyboard */; };
		2F40716522C23A0B008181F8 /* TestFluxVC.swift in Sources */ = {isa = PBXBuildFile; fileRef = 2F40716322C23A0B008181F8 /* TestFluxVC.swift */; };
		2F40716622C23A0B008181F8 /* AppStartViewController.swift in Sources */ = {isa = PBXBuildFile; fileRef = 2F40716422C23A0B008181F8 /* AppStartViewController.swift */; };
		2F40716822C24115008181F8 /* User.swift in Sources */ = {isa = PBXBuildFile; fileRef = 2F40716722C24115008181F8 /* User.swift */; };
		2F40716C22C242BD008181F8 /* Reachability.swift in Sources */ = {isa = PBXBuildFile; fileRef = 2F40716A22C242BD008181F8 /* Reachability.swift */; };
		2F40716D22C242BD008181F8 /* ConnectionManager.swift in Sources */ = {isa = PBXBuildFile; fileRef = 2F40716B22C242BD008181F8 /* ConnectionManager.swift */; };
		2F40717022C26852008181F8 /* UIImage+Extensions.swift in Sources */ = {isa = PBXBuildFile; fileRef = 2F40716F22C26852008181F8 /* UIImage+Extensions.swift */; };
		2F40717222C26FE8008181F8 /* String+Extensions.swift in Sources */ = {isa = PBXBuildFile; fileRef = 2F40717122C26FE8008181F8 /* String+Extensions.swift */; };
		2F5D214222C39D8E0049B7DA /* animation.gif in Resources */ = {isa = PBXBuildFile; fileRef = 2F5D214122C39D8E0049B7DA /* animation.gif */; };
		2F5D214422C3AED60049B7DA /* CoreGraphics.framework in Frameworks */ = {isa = PBXBuildFile; fileRef = 2F5D214322C3AED60049B7DA /* CoreGraphics.framework */; };
		2F5D214622C3EC780049B7DA /* fish.jpg in Resources */ = {isa = PBXBuildFile; fileRef = 2F5D214522C3EC780049B7DA /* fish.jpg */; };
		2F5D214822C3F5700049B7DA /* mask_gray.jpg in Resources */ = {isa = PBXBuildFile; fileRef = 2F5D214722C3F5700049B7DA /* mask_gray.jpg */; };
		2F5D214A22C3F6430049B7DA /* mask_alpha.png in Resources */ = {isa = PBXBuildFile; fileRef = 2F5D214922C3F6430049B7DA /* mask_alpha.png */; };
		2F86EAE722CE4CE9009564CD /* TextComposer.swift in Sources */ = {isa = PBXBuildFile; fileRef = 2F86EAE622CE4CE9009564CD /* TextComposer.swift */; };
		2FCA1B4C22CA1EB700D12415 /* color2.jpg in Resources */ = {isa = PBXBuildFile; fileRef = 2FCA1B4A22CA1EB700D12415 /* color2.jpg */; };
		2FCA1B4D22CA1EB700D12415 /* color1.jpg in Resources */ = {isa = PBXBuildFile; fileRef = 2FCA1B4B22CA1EB700D12415 /* color1.jpg */; };
		2FCA1B6422CA56CD00D12415 /* Palette.swift in Sources */ = {isa = PBXBuildFile; fileRef = 2FCA1B6322CA56CD00D12415 /* Palette.swift */; };
		2FCA1B6722CA7A3200D12415 /* SwiftDocumentation.swift in Sources */ = {isa = PBXBuildFile; fileRef = 2FCA1B6622CA7A3200D12415 /* SwiftDocumentation.swift */; };
		2FCAFC0E22C4DEEB00A5E37A /* faces1.jpg in Resources */ = {isa = PBXBuildFile; fileRef = 2FCAFC0D22C4DEEA00A5E37A /* faces1.jpg */; };
		2FCAFC1022C4E36100A5E37A /* qrcode.png in Resources */ = {isa = PBXBuildFile; fileRef = 2FCAFC0F22C4E36100A5E37A /* qrcode.png */; };
		2FCAFC1422C5270100A5E37A /* chroma_key.jpg in Resources */ = {isa = PBXBuildFile; fileRef = 2FCAFC1322C5270000A5E37A /* chroma_key.jpg */; };
		2FCAFC1622C5319D00A5E37A /* blue_tshirt.jpg in Resources */ = {isa = PBXBuildFile; fileRef = 2FCAFC1522C5319D00A5E37A /* blue_tshirt.jpg */; };
		2FCAFC1822C53B2B00A5E37A /* UIColor+Extensions.swift in Sources */ = {isa = PBXBuildFile; fileRef = 2FCAFC1722C53B2B00A5E37A /* UIColor+Extensions.swift */; };
		2FCAFC1C22C5526B00A5E37A /* ConnectionAlamofire.swift in Sources */ = {isa = PBXBuildFile; fileRef = 2FCAFC1B22C5526B00A5E37A /* ConnectionAlamofire.swift */; };
		2FCAFC1E22C552F700A5E37A /* SampleDataSource.swift in Sources */ = {isa = PBXBuildFile; fileRef = 2FCAFC1D22C552F700A5E37A /* SampleDataSource.swift */; };
		2FD5B1A222CB76F100B3C1D4 /* UIBubbleView.swift in Sources */ = {isa = PBXBuildFile; fileRef = 2FD5B1A122CB76F100B3C1D4 /* UIBubbleView.swift */; };
		2FD8993322C6500500C193FE /* Random+Extensions.swift in Sources */ = {isa = PBXBuildFile; fileRef = 2FD8993222C6500500C193FE /* Random+Extensions.swift */; };
		2FD8993622C67CEC00C193FE /* SampleManager.swift in Sources */ = {isa = PBXBuildFile; fileRef = 2FD8993522C67CEC00C193FE /* SampleManager.swift */; };
		2FD8993822C67EB500C193FE /* SampleViewController.swift in Sources */ = {isa = PBXBuildFile; fileRef = 2FD8993722C67EB500C193FE /* SampleViewController.swift */; };
		2FD8993A22C684AE00C193FE /* ViewController.swift in Sources */ = {isa = PBXBuildFile; fileRef = 2FD8993922C684AE00C193FE /* ViewController.swift */; };
		2FDA7C10233A3CAA00852F3C /* Colors.xcassets in Resources */ = {isa = PBXBuildFile; fileRef = 2FDA7C0F233A3CAA00852F3C /* Colors.xcassets */; };
		2FDA7C11233A3CAA00852F3C /* Colors.xcassets in Resources */ = {isa = PBXBuildFile; fileRef = 2FDA7C0F233A3CAA00852F3C /* Colors.xcassets */; };
		2FE5F90722FDA4280078A194 /* Button.swift in Sources */ = {isa = PBXBuildFile; fileRef = 2FE5F90622FDA4280078A194 /* Button.swift */; };
		380864EE4A36926CB3A468E6 /* Pods_ProjectModel.framework in Frameworks */ = {isa = PBXBuildFile; fileRef = F566CFA5F64808EB9556232D /* Pods_ProjectModel.framework */; };
		6E0AE7A2B338DBF7AD1B21B4 /* Pods_ProjectModelTests.framework in Frameworks */ = {isa = PBXBuildFile; fileRef = ABE4E66C17A6D86AD549000A /* Pods_ProjectModelTests.framework */; };
/* End PBXBuildFile section */

/* Begin PBXContainerItemProxy section */
		2F06260122DC9058008B6573 /* PBXContainerItemProxy */ = {
			isa = PBXContainerItemProxy;
			containerPortal = 2F40712F22C23292008181F8 /* Project object */;
			proxyType = 1;
			remoteGlobalIDString = 2F40713622C23293008181F8;
			remoteInfo = ProjectModel;
		};
/* End PBXContainerItemProxy section */

/* Begin PBXFileReference section */
		2F0625FC22DC9058008B6573 /* ProjectModelTests.xctest */ = {isa = PBXFileReference; explicitFileType = wrapper.cfbundle; includeInIndex = 0; path = ProjectModelTests.xctest; sourceTree = BUILT_PRODUCTS_DIR; };
		2F0625FE22DC9058008B6573 /* ProjectModelTests.swift */ = {isa = PBXFileReference; lastKnownFileType = sourcecode.swift; path = ProjectModelTests.swift; sourceTree = "<group>"; };
		2F06260022DC9058008B6573 /* Info.plist */ = {isa = PBXFileReference; lastKnownFileType = text.plist.xml; path = Info.plist; sourceTree = "<group>"; };
		2F2B629B22CFD2E4004B3BC1 /* EmptyViewController.swift */ = {isa = PBXFileReference; lastKnownFileType = sourcecode.swift; path = EmptyViewController.swift; sourceTree = "<group>"; };
		2F2B629D22CFD342004B3BC1 /* PhotoViewController.swift */ = {isa = PBXFileReference; lastKnownFileType = sourcecode.swift; path = PhotoViewController.swift; sourceTree = "<group>"; };
		2F2E363622EB921B00948EA2 /* MyTable.strings */ = {isa = PBXFileReference; lastKnownFileType = text.plist.strings; path = MyTable.strings; sourceTree = "<group>"; };
		2F3DC04122E0FD5300274425 /* face.jpg */ = {isa = PBXFileReference; lastKnownFileType = image.jpeg; path = face.jpg; sourceTree = "<group>"; };
		2F40713722C23293008181F8 /* ProjectModel.app */ = {isa = PBXFileReference; explicitFileType = wrapper.application; includeInIndex = 0; path = ProjectModel.app; sourceTree = BUILT_PRODUCTS_DIR; };
		2F40713A22C23293008181F8 /* AppDelegate.swift */ = {isa = PBXFileReference; lastKnownFileType = sourcecode.swift; path = AppDelegate.swift; sourceTree = "<group>"; };
		2F40713F22C23293008181F8 /* Base */ = {isa = PBXFileReference; lastKnownFileType = file.storyboard; name = Base; path = Base.lproj/Main.storyboard; sourceTree = "<group>"; };
		2F40714122C23294008181F8 /* Assets.xcassets */ = {isa = PBXFileReference; lastKnownFileType = folder.assetcatalog; path = Assets.xcassets; sourceTree = "<group>"; };
		2F40714422C23294008181F8 /* Base */ = {isa = PBXFileReference; lastKnownFileType = file.storyboard; name = Base; path = Base.lproj/LaunchScreen.storyboard; sourceTree = "<group>"; };
		2F40714622C23294008181F8 /* Info.plist */ = {isa = PBXFileReference; lastKnownFileType = text.plist.xml; path = Info.plist; sourceTree = "<group>"; };
		2F40714D22C233B1008181F8 /* App.swift */ = {isa = PBXFileReference; lastKnownFileType = sourcecode.swift; path = App.swift; sourceTree = "<group>"; };
		2F40715922C23504008181F8 /* ToolBox.swift */ = {isa = PBXFileReference; fileEncoding = 4; lastKnownFileType = sourcecode.swift; path = ToolBox.swift; sourceTree = "<group>"; };
		2F40715D22C23818008181F8 /* UIViewController+Extensions.swift */ = {isa = PBXFileReference; lastKnownFileType = sourcecode.swift; path = "UIViewController+Extensions.swift"; sourceTree = "<group>"; };
		2F40715F22C238BC008181F8 /* NSPointerArray+Extensions.swift */ = {isa = PBXFileReference; lastKnownFileType = sourcecode.swift; path = "NSPointerArray+Extensions.swift"; sourceTree = "<group>"; };
		2F40716122C239E9008181F8 /* Start.storyboard */ = {isa = PBXFileReference; fileEncoding = 4; lastKnownFileType = file.storyboard; path = Start.storyboard; sourceTree = "<group>"; };
		2F40716322C23A0B008181F8 /* TestFluxVC.swift */ = {isa = PBXFileReference; fileEncoding = 4; lastKnownFileType = sourcecode.swift; path = TestFluxVC.swift; sourceTree = "<group>"; };
		2F40716422C23A0B008181F8 /* AppStartViewController.swift */ = {isa = PBXFileReference; fileEncoding = 4; lastKnownFileType = sourcecode.swift; path = AppStartViewController.swift; sourceTree = "<group>"; };
		2F40716722C24115008181F8 /* User.swift */ = {isa = PBXFileReference; lastKnownFileType = sourcecode.swift; path = User.swift; sourceTree = "<group>"; };
		2F40716A22C242BD008181F8 /* Reachability.swift */ = {isa = PBXFileReference; fileEncoding = 4; lastKnownFileType = sourcecode.swift; path = Reachability.swift; sourceTree = "<group>"; };
		2F40716B22C242BD008181F8 /* ConnectionManager.swift */ = {isa = PBXFileReference; fileEncoding = 4; lastKnownFileType = sourcecode.swift; path = ConnectionManager.swift; sourceTree = "<group>"; };
		2F40716F22C26852008181F8 /* UIImage+Extensions.swift */ = {isa = PBXFileReference; lastKnownFileType = sourcecode.swift; path = "UIImage+Extensions.swift"; sourceTree = "<group>"; };
		2F40717122C26FE8008181F8 /* String+Extensions.swift */ = {isa = PBXFileReference; lastKnownFileType = sourcecode.swift; path = "String+Extensions.swift"; sourceTree = "<group>"; };
		2F5D214122C39D8E0049B7DA /* animation.gif */ = {isa = PBXFileReference; lastKnownFileType = image.gif; path = animation.gif; sourceTree = "<group>"; };
		2F5D214322C3AED60049B7DA /* CoreGraphics.framework */ = {isa = PBXFileReference; lastKnownFileType = wrapper.framework; name = CoreGraphics.framework; path = System/Library/Frameworks/CoreGraphics.framework; sourceTree = SDKROOT; };
		2F5D214522C3EC780049B7DA /* fish.jpg */ = {isa = PBXFileReference; lastKnownFileType = image.jpeg; path = fish.jpg; sourceTree = "<group>"; };
		2F5D214722C3F5700049B7DA /* mask_gray.jpg */ = {isa = PBXFileReference; lastKnownFileType = image.jpeg; path = mask_gray.jpg; sourceTree = "<group>"; };
		2F5D214922C3F6430049B7DA /* mask_alpha.png */ = {isa = PBXFileReference; lastKnownFileType = image.png; path = mask_alpha.png; sourceTree = "<group>"; };
		2F86EAE622CE4CE9009564CD /* TextComposer.swift */ = {isa = PBXFileReference; lastKnownFileType = sourcecode.swift; path = TextComposer.swift; sourceTree = "<group>"; };
		2FCA1B4A22CA1EB700D12415 /* color2.jpg */ = {isa = PBXFileReference; lastKnownFileType = image.jpeg; path = color2.jpg; sourceTree = "<group>"; };
		2FCA1B4B22CA1EB700D12415 /* color1.jpg */ = {isa = PBXFileReference; lastKnownFileType = image.jpeg; path = color1.jpg; sourceTree = "<group>"; };
		2FCA1B6322CA56CD00D12415 /* Palette.swift */ = {isa = PBXFileReference; lastKnownFileType = sourcecode.swift; path = Palette.swift; sourceTree = "<group>"; };
		2FCA1B6622CA7A3200D12415 /* SwiftDocumentation.swift */ = {isa = PBXFileReference; lastKnownFileType = sourcecode.swift; path = SwiftDocumentation.swift; sourceTree = "<group>"; };
		2FCAFC0D22C4DEEA00A5E37A /* faces1.jpg */ = {isa = PBXFileReference; lastKnownFileType = image.jpeg; path = faces1.jpg; sourceTree = "<group>"; };
		2FCAFC0F22C4E36100A5E37A /* qrcode.png */ = {isa = PBXFileReference; lastKnownFileType = image.png; path = qrcode.png; sourceTree = "<group>"; };
		2FCAFC1322C5270000A5E37A /* chroma_key.jpg */ = {isa = PBXFileReference; lastKnownFileType = image.jpeg; path = chroma_key.jpg; sourceTree = "<group>"; };
		2FCAFC1522C5319D00A5E37A /* blue_tshirt.jpg */ = {isa = PBXFileReference; lastKnownFileType = image.jpeg; path = blue_tshirt.jpg; sourceTree = "<group>"; };
		2FCAFC1722C53B2B00A5E37A /* UIColor+Extensions.swift */ = {isa = PBXFileReference; lastKnownFileType = sourcecode.swift; path = "UIColor+Extensions.swift"; sourceTree = "<group>"; };
		2FCAFC1B22C5526B00A5E37A /* ConnectionAlamofire.swift */ = {isa = PBXFileReference; fileEncoding = 4; lastKnownFileType = sourcecode.swift; path = ConnectionAlamofire.swift; sourceTree = "<group>"; };
		2FCAFC1D22C552F700A5E37A /* SampleDataSource.swift */ = {isa = PBXFileReference; lastKnownFileType = sourcecode.swift; path = SampleDataSource.swift; sourceTree = "<group>"; };
		2FD5B1A122CB76F100B3C1D4 /* UIBubbleView.swift */ = {isa = PBXFileReference; lastKnownFileType = sourcecode.swift; path = UIBubbleView.swift; sourceTree = "<group>"; };
		2FD8993222C6500500C193FE /* Random+Extensions.swift */ = {isa = PBXFileReference; lastKnownFileType = sourcecode.swift; path = "Random+Extensions.swift"; sourceTree = "<group>"; };
		2FD8993522C67CEC00C193FE /* SampleManager.swift */ = {isa = PBXFileReference; lastKnownFileType = sourcecode.swift; path = SampleManager.swift; sourceTree = "<group>"; };
		2FD8993722C67EB500C193FE /* SampleViewController.swift */ = {isa = PBXFileReference; lastKnownFileType = sourcecode.swift; path = SampleViewController.swift; sourceTree = "<group>"; };
		2FD8993922C684AE00C193FE /* ViewController.swift */ = {isa = PBXFileReference; lastKnownFileType = sourcecode.swift; path = ViewController.swift; sourceTree = "<group>"; };
		2FDA7C0F233A3CAA00852F3C /* Colors.xcassets */ = {isa = PBXFileReference; lastKnownFileType = folder.assetcatalog; path = Colors.xcassets; sourceTree = "<group>"; };
		2FE5F90622FDA4280078A194 /* Button.swift */ = {isa = PBXFileReference; fileEncoding = 4; lastKnownFileType = sourcecode.swift; path = Button.swift; sourceTree = "<group>"; };
		9F8EBA473D34F726F09F62C7 /* Pods-ProjectModelTests.debug.xcconfig */ = {isa = PBXFileReference; includeInIndex = 1; lastKnownFileType = text.xcconfig; name = "Pods-ProjectModelTests.debug.xcconfig"; path = "Target Support Files/Pods-ProjectModelTests/Pods-ProjectModelTests.debug.xcconfig"; sourceTree = "<group>"; };
		ABE4E66C17A6D86AD549000A /* Pods_ProjectModelTests.framework */ = {isa = PBXFileReference; explicitFileType = wrapper.framework; includeInIndex = 0; path = Pods_ProjectModelTests.framework; sourceTree = BUILT_PRODUCTS_DIR; };
		E2FE588FCE9400096E115F28 /* Pods-ProjectModelTests.release.xcconfig */ = {isa = PBXFileReference; includeInIndex = 1; lastKnownFileType = text.xcconfig; name = "Pods-ProjectModelTests.release.xcconfig"; path = "Target Support Files/Pods-ProjectModelTests/Pods-ProjectModelTests.release.xcconfig"; sourceTree = "<group>"; };
		F16BDC48B40EDCE70D47B471 /* Pods-ProjectModel.debug.xcconfig */ = {isa = PBXFileReference; includeInIndex = 1; lastKnownFileType = text.xcconfig; name = "Pods-ProjectModel.debug.xcconfig"; path = "Target Support Files/Pods-ProjectModel/Pods-ProjectModel.debug.xcconfig"; sourceTree = "<group>"; };
		F23676382B480DA625E5A51C /* Pods-ProjectModel.release.xcconfig */ = {isa = PBXFileReference; includeInIndex = 1; lastKnownFileType = text.xcconfig; name = "Pods-ProjectModel.release.xcconfig"; path = "Target Support Files/Pods-ProjectModel/Pods-ProjectModel.release.xcconfig"; sourceTree = "<group>"; };
		F566CFA5F64808EB9556232D /* Pods_ProjectModel.framework */ = {isa = PBXFileReference; explicitFileType = wrapper.framework; includeInIndex = 0; path = Pods_ProjectModel.framework; sourceTree = BUILT_PRODUCTS_DIR; };
/* End PBXFileReference section */

/* Begin PBXFrameworksBuildPhase section */
		2F0625F922DC9058008B6573 /* Frameworks */ = {
			isa = PBXFrameworksBuildPhase;
			buildActionMask = 2147483647;
			files = (
				6E0AE7A2B338DBF7AD1B21B4 /* Pods_ProjectModelTests.framework in Frameworks */,
			);
			runOnlyForDeploymentPostprocessing = 0;
		};
		2F40713422C23293008181F8 /* Frameworks */ = {
			isa = PBXFrameworksBuildPhase;
			buildActionMask = 2147483647;
			files = (
				2F5D214422C3AED60049B7DA /* CoreGraphics.framework in Frameworks */,
				380864EE4A36926CB3A468E6 /* Pods_ProjectModel.framework in Frameworks */,
			);
			runOnlyForDeploymentPostprocessing = 0;
		};
/* End PBXFrameworksBuildPhase section */

/* Begin PBXGroup section */
		2F0625FD22DC9058008B6573 /* ProjectModelTests */ = {
			isa = PBXGroup;
			children = (
				2F0625FE22DC9058008B6573 /* ProjectModelTests.swift */,
				2F06260022DC9058008B6573 /* Info.plist */,
			);
			path = ProjectModelTests;
			sourceTree = "<group>";
		};
		2F2E363522EB920800948EA2 /* Strings */ = {
			isa = PBXGroup;
			children = (
				2F2E363622EB921B00948EA2 /* MyTable.strings */,
			);
			path = Strings;
			sourceTree = "<group>";
		};
		2F40712E22C23292008181F8 = {
			isa = PBXGroup;
			children = (
				2F40713922C23293008181F8 /* ProjectModel */,
				2F0625FD22DC9058008B6573 /* ProjectModelTests */,
				2F40713822C23293008181F8 /* Products */,
				B2C912C58855AE0C090DCB09 /* Pods */,
				C82F70334F39DFB7EEEB789E /* Frameworks */,
			);
			sourceTree = "<group>";
		};
		2F40713822C23293008181F8 /* Products */ = {
			isa = PBXGroup;
			children = (
				2F40713722C23293008181F8 /* ProjectModel.app */,
				2F0625FC22DC9058008B6573 /* ProjectModelTests.xctest */,
			);
			name = Products;
			sourceTree = "<group>";
		};
		2F40713922C23293008181F8 /* ProjectModel */ = {
			isa = PBXGroup;
			children = (
				2F40714C22C233A2008181F8 /* App_Delegate */,
				2FD6FE6F22F2FE54004BA63E /* App_Config */,
				2F40715622C23499008181F8 /* App_Resources */,
				2FD6FE7C22F301C4004BA63E /* App_Common */,
				2FD6FE7322F2FF26004BA63E /* App_Modules */,
			);
			path = ProjectModel;
			sourceTree = "<group>";
		};
		2F40714C22C233A2008181F8 /* App_Delegate */ = {
			isa = PBXGroup;
			children = (
				2F40713A22C23293008181F8 /* AppDelegate.swift */,
				2F40714D22C233B1008181F8 /* App.swift */,
			);
			path = App_Delegate;
			sourceTree = "<group>";
		};
		2F40714F22C23430008181F8 /* Interface */ = {
			isa = PBXGroup;
			children = (
				2FD6FE8622F305B8004BA63E /* HTML */,
				2F40715522C2348A008181F8 /* Xibs */,
				2F40715322C23472008181F8 /* Storyboards */,
			);
			path = Interface;
			sourceTree = "<group>";
		};
		2F40715022C23445008181F8 /* ViewControllers */ = {
			isa = PBXGroup;
			children = (
				2F40716322C23A0B008181F8 /* TestFluxVC.swift */,
				2FD8993722C67EB500C193FE /* SampleViewController.swift */,
				2F2B629D22CFD342004B3BC1 /* PhotoViewController.swift */,
			);
			path = ViewControllers;
			sourceTree = "<group>";
		};
		2F40715222C23457008181F8 /* Managers */ = {
			isa = PBXGroup;
			children = (
			);
			path = Managers;
			sourceTree = "<group>";
		};
		2F40715322C23472008181F8 /* Storyboards */ = {
			isa = PBXGroup;
			children = (
				2F40713E22C23293008181F8 /* Main.storyboard */,
			);
			path = Storyboards;
			sourceTree = "<group>";
		};
		2F40715522C2348A008181F8 /* Xibs */ = {
			isa = PBXGroup;
			children = (
			);
			path = Xibs;
			sourceTree = "<group>";
		};
		2F40715622C23499008181F8 /* App_Resources */ = {
			isa = PBXGroup;
			children = (
				2FD6FE7222F2FEE9004BA63E /* Assets */,
				2FD6FE7122F2FEDA004BA63E /* Fonts */,
				2FD6FE7022F2FED4004BA63E /* Sounds */,
				2FCA1B6522CA79FC00D12415 /* Docs */,
				2F2E363522EB920800948EA2 /* Strings */,
				2F5D214022C39D7F0049B7DA /* Images */,
			);
			path = App_Resources;
			sourceTree = "<group>";
		};
		2F40715722C234AE008181F8 /* Managers */ = {
			isa = PBXGroup;
			children = (
				2F40716922C24210008181F8 /* ConnectionManager */,
			);
			path = Managers;
			sourceTree = "<group>";
		};
		2F40715B22C2369D008181F8 /* Extensions */ = {
			isa = PBXGroup;
			children = (
				2F40715D22C23818008181F8 /* UIViewController+Extensions.swift */,
				2F40715F22C238BC008181F8 /* NSPointerArray+Extensions.swift */,
				2F40716F22C26852008181F8 /* UIImage+Extensions.swift */,
				2F40717122C26FE8008181F8 /* String+Extensions.swift */,
				2FCAFC1722C53B2B00A5E37A /* UIColor+Extensions.swift */,
				2FD8993222C6500500C193FE /* Random+Extensions.swift */,
			);
			path = Extensions;
			sourceTree = "<group>";
		};
		2F40716922C24210008181F8 /* ConnectionManager */ = {
			isa = PBXGroup;
			children = (
				2F40716B22C242BD008181F8 /* ConnectionManager.swift */,
				2F40716A22C242BD008181F8 /* Reachability.swift */,
				2FCAFC1B22C5526B00A5E37A /* ConnectionAlamofire.swift */,
			);
			path = ConnectionManager;
			sourceTree = "<group>";
		};
		2F40716E22C245ED008181F8 /* DataSources */ = {
			isa = PBXGroup;
			children = (
				2FCAFC1D22C552F700A5E37A /* SampleDataSource.swift */,
			);
			path = DataSources;
			sourceTree = "<group>";
		};
		2F5D214022C39D7F0049B7DA /* Images */ = {
			isa = PBXGroup;
			children = (
				2F3DC04122E0FD5300274425 /* face.jpg */,
				2FCA1B4B22CA1EB700D12415 /* color1.jpg */,
				2FCA1B4A22CA1EB700D12415 /* color2.jpg */,
				2FCAFC1522C5319D00A5E37A /* blue_tshirt.jpg */,
				2FCAFC1322C5270000A5E37A /* chroma_key.jpg */,
				2FCAFC0F22C4E36100A5E37A /* qrcode.png */,
				2FCAFC0D22C4DEEA00A5E37A /* faces1.jpg */,
				2F5D214922C3F6430049B7DA /* mask_alpha.png */,
				2F5D214722C3F5700049B7DA /* mask_gray.jpg */,
				2F5D214522C3EC780049B7DA /* fish.jpg */,
				2F5D214122C39D8E0049B7DA /* animation.gif */,
			);
			path = Images;
			sourceTree = "<group>";
		};
		2F86EAE522CE4CB9009564CD /* Utils */ = {
			isa = PBXGroup;
			children = (
				2F40715922C23504008181F8 /* ToolBox.swift */,
				2FCA1B6322CA56CD00D12415 /* Palette.swift */,
				2F86EAE622CE4CE9009564CD /* TextComposer.swift */,
			);
			path = Utils;
			sourceTree = "<group>";
		};
		2FCA1B6522CA79FC00D12415 /* Docs */ = {
			isa = PBXGroup;
			children = (
				2FCA1B6622CA7A3200D12415 /* SwiftDocumentation.swift */,
			);
			path = Docs;
			sourceTree = "<group>";
		};
		2FD5B1A022CB76B700B3C1D4 /* UIBubbleView */ = {
			isa = PBXGroup;
			children = (
				2FD5B1A122CB76F100B3C1D4 /* UIBubbleView.swift */,
			);
			path = UIBubbleView;
			sourceTree = "<group>";
		};
		2FD6FE6F22F2FE54004BA63E /* App_Config */ = {
			isa = PBXGroup;
			children = (
				2F40714622C23294008181F8 /* Info.plist */,
			);
			path = App_Config;
			sourceTree = "<group>";
		};
		2FD6FE7022F2FED4004BA63E /* Sounds */ = {
			isa = PBXGroup;
			children = (
			);
			path = Sounds;
			sourceTree = "<group>";
		};
		2FD6FE7122F2FEDA004BA63E /* Fonts */ = {
			isa = PBXGroup;
			children = (
			);
			path = Fonts;
			sourceTree = "<group>";
		};
		2FD6FE7222F2FEE9004BA63E /* Assets */ = {
			isa = PBXGroup;
			children = (
				2F40714122C23294008181F8 /* Assets.xcassets */,
				2FDA7C0F233A3CAA00852F3C /* Colors.xcassets */,
			);
			path = Assets;
			sourceTree = "<group>";
		};
		2FD6FE7322F2FF26004BA63E /* App_Modules */ = {
			isa = PBXGroup;
			children = (
				2FD6FE8222F304EB004BA63E /* MAIN */,
				2FD6FE7522F2FFCC004BA63E /* SAMPLE */,
			);
			path = App_Modules;
			sourceTree = "<group>";
		};
		2FD6FE7522F2FFCC004BA63E /* SAMPLE */ = {
			isa = PBXGroup;
			children = (
				2FD6FE8122F303F6004BA63E /* Models */,
				2FD6FE7F22F30304004BA63E /* Views */,
				2FD6FE8022F3034C004BA63E /* Managers */,
				2F40715022C23445008181F8 /* ViewControllers */,
				2F40716E22C245ED008181F8 /* DataSources */,
				2F40714F22C23430008181F8 /* Interface */,
			);
			path = SAMPLE;
			sourceTree = "<group>";
		};
		2FD6FE7722F300C3004BA63E /* Interface */ = {
			isa = PBXGroup;
			children = (
				2FD6FE7A22F300E2004BA63E /* HTML */,
				2FD6FE7822F300CB004BA63E /* Xibs */,
				2FD6FE7922F300D5004BA63E /* Storyboards */,
			);
			path = Interface;
			sourceTree = "<group>";
		};
		2FD6FE7822F300CB004BA63E /* Xibs */ = {
			isa = PBXGroup;
			children = (
			);
			path = Xibs;
			sourceTree = "<group>";
		};
		2FD6FE7922F300D5004BA63E /* Storyboards */ = {
			isa = PBXGroup;
			children = (
				2F40714322C23294008181F8 /* LaunchScreen.storyboard */,
				2F40716122C239E9008181F8 /* Start.storyboard */,
			);
			path = Storyboards;
			sourceTree = "<group>";
		};
		2FD6FE7A22F300E2004BA63E /* HTML */ = {
			isa = PBXGroup;
			children = (
			);
			path = HTML;
			sourceTree = "<group>";
		};
		2FD6FE7C22F301C4004BA63E /* App_Common */ = {
			isa = PBXGroup;
			children = (
				2FD6FE7D22F30251004BA63E /* Reference */,
				2F40715722C234AE008181F8 /* Managers */,
				2F86EAE522CE4CB9009564CD /* Utils */,
				2F40715B22C2369D008181F8 /* Extensions */,
			);
			path = App_Common;
			sourceTree = "<group>";
		};
		2FD6FE7D22F30251004BA63E /* Reference */ = {
			isa = PBXGroup;
			children = (
				2FE5F90622FDA4280078A194 /* Button.swift */,
				2F2B629B22CFD2E4004B3BC1 /* EmptyViewController.swift */,
				2FD8993922C684AE00C193FE /* ViewController.swift */,
			);
			path = Reference;
			sourceTree = "<group>";
		};
		2FD6FE7E22F302E7004BA63E /* DataSources */ = {
			isa = PBXGroup;
			children = (
			);
			path = DataSources;
			sourceTree = "<group>";
		};
		2FD6FE7F22F30304004BA63E /* Views */ = {
			isa = PBXGroup;
			children = (
				2FD5B1A022CB76B700B3C1D4 /* UIBubbleView */,
			);
			path = Views;
			sourceTree = "<group>";
		};
		2FD6FE8022F3034C004BA63E /* Managers */ = {
			isa = PBXGroup;
			children = (
				2FD8993522C67CEC00C193FE /* SampleManager.swift */,
			);
			path = Managers;
			sourceTree = "<group>";
		};
		2FD6FE8122F303F6004BA63E /* Models */ = {
			isa = PBXGroup;
			children = (
			);
			path = Models;
			sourceTree = "<group>";
		};
		2FD6FE8222F304EB004BA63E /* MAIN */ = {
			isa = PBXGroup;
			children = (
				2FD6FE8522F30583004BA63E /* Models */,
				2FD6FE8422F30557004BA63E /* Views */,
				2F40715222C23457008181F8 /* Managers */,
				2FD6FE8322F30505004BA63E /* ViewControllers */,
				2FD6FE7E22F302E7004BA63E /* DataSources */,
				2FD6FE7722F300C3004BA63E /* Interface */,
			);
			path = MAIN;
			sourceTree = "<group>";
		};
		2FD6FE8322F30505004BA63E /* ViewControllers */ = {
			isa = PBXGroup;
			children = (
				2F40716422C23A0B008181F8 /* AppStartViewController.swift */,
			);
			path = ViewControllers;
			sourceTree = "<group>";
		};
		2FD6FE8422F30557004BA63E /* Views */ = {
			isa = PBXGroup;
			children = (
			);
			path = Views;
			sourceTree = "<group>";
		};
		2FD6FE8522F30583004BA63E /* Models */ = {
			isa = PBXGroup;
			children = (
				2F40716722C24115008181F8 /* User.swift */,
			);
			path = Models;
			sourceTree = "<group>";
		};
		2FD6FE8622F305B8004BA63E /* HTML */ = {
			isa = PBXGroup;
			children = (
			);
			path = HTML;
			sourceTree = "<group>";
		};
		B2C912C58855AE0C090DCB09 /* Pods */ = {
			isa = PBXGroup;
			children = (
				F16BDC48B40EDCE70D47B471 /* Pods-ProjectModel.debug.xcconfig */,
				F23676382B480DA625E5A51C /* Pods-ProjectModel.release.xcconfig */,
				9F8EBA473D34F726F09F62C7 /* Pods-ProjectModelTests.debug.xcconfig */,
				E2FE588FCE9400096E115F28 /* Pods-ProjectModelTests.release.xcconfig */,
			);
			path = Pods;
			sourceTree = "<group>";
		};
		C82F70334F39DFB7EEEB789E /* Frameworks */ = {
			isa = PBXGroup;
			children = (
				2F5D214322C3AED60049B7DA /* CoreGraphics.framework */,
				F566CFA5F64808EB9556232D /* Pods_ProjectModel.framework */,
				ABE4E66C17A6D86AD549000A /* Pods_ProjectModelTests.framework */,
			);
			name = Frameworks;
			sourceTree = "<group>";
		};
/* End PBXGroup section */

/* Begin PBXNativeTarget section */
		2F0625FB22DC9058008B6573 /* ProjectModelTests */ = {
			isa = PBXNativeTarget;
			buildConfigurationList = 2F06260322DC9058008B6573 /* Build configuration list for PBXNativeTarget "ProjectModelTests" */;
			buildPhases = (
				031A407BA11D923128588D08 /* [CP] Check Pods Manifest.lock */,
				2F0625F822DC9058008B6573 /* Sources */,
				2F0625F922DC9058008B6573 /* Frameworks */,
				2F0625FA22DC9058008B6573 /* Resources */,
				FABBD93E16BF63DBC524BC81 /* [CP] Embed Pods Frameworks */,
			);
			buildRules = (
			);
			dependencies = (
				2F06260222DC9058008B6573 /* PBXTargetDependency */,
			);
			name = ProjectModelTests;
			productName = ProjectModelTests;
			productReference = 2F0625FC22DC9058008B6573 /* ProjectModelTests.xctest */;
			productType = "com.apple.product-type.bundle.unit-test";
		};
		2F40713622C23293008181F8 /* ProjectModel */ = {
			isa = PBXNativeTarget;
			buildConfigurationList = 2F40714922C23294008181F8 /* Build configuration list for PBXNativeTarget "ProjectModel" */;
			buildPhases = (
				9630706856CA068B608D6318 /* [CP] Check Pods Manifest.lock */,
				2F40713322C23293008181F8 /* Sources */,
				2F40713422C23293008181F8 /* Frameworks */,
				2F40713522C23293008181F8 /* Resources */,
				AC1EBEC9525D2853AF169600 /* [CP] Embed Pods Frameworks */,
			);
			buildRules = (
			);
			dependencies = (
			);
			name = ProjectModel;
			productName = ProjectModel;
			productReference = 2F40713722C23293008181F8 /* ProjectModel.app */;
			productType = "com.apple.product-type.application";
		};
/* End PBXNativeTarget section */

/* Begin PBXProject section */
		2F40712F22C23292008181F8 /* Project object */ = {
			isa = PBXProject;
			attributes = {
				LastSwiftUpdateCheck = 1020;
				LastUpgradeCheck = 1020;
				ORGANIZATIONNAME = "Erico Gimenes Teixeira";
				TargetAttributes = {
					2F0625FB22DC9058008B6573 = {
						CreatedOnToolsVersion = 10.2.1;
						TestTargetID = 2F40713622C23293008181F8;
					};
					2F40713622C23293008181F8 = {
						CreatedOnToolsVersion = 10.2.1;
					};
				};
			};
			buildConfigurationList = 2F40713222C23292008181F8 /* Build configuration list for PBXProject "ProjectModel" */;
			compatibilityVersion = "Xcode 9.3";
			developmentRegion = en;
			hasScannedForEncodings = 0;
			knownRegions = (
				en,
				Base,
			);
			mainGroup = 2F40712E22C23292008181F8;
			productRefGroup = 2F40713822C23293008181F8 /* Products */;
			projectDirPath = "";
			projectRoot = "";
			targets = (
				2F40713622C23293008181F8 /* ProjectModel */,
				2F0625FB22DC9058008B6573 /* ProjectModelTests */,
			);
		};
/* End PBXProject section */

/* Begin PBXResourcesBuildPhase section */
		2F0625FA22DC9058008B6573 /* Resources */ = {
			isa = PBXResourcesBuildPhase;
			buildActionMask = 2147483647;
			files = (
				2F06262422DC9B9E008B6573 /* animation.gif in Resources */,
				2F06261C22DC9B99008B6573 /* color2.jpg in Resources */,
				2F06262322DC9B99008B6573 /* fish.jpg in Resources */,
				2F06261922DC9B72008B6573 /* Main.storyboard in Resources */,
				2F06261B22DC9B95008B6573 /* color1.jpg in Resources */,
				2F06261F22DC9B99008B6573 /* qrcode.png in Resources */,
				2F06261E22DC9B99008B6573 /* chroma_key.jpg in Resources */,
				2F06261722DC9B6A008B6573 /* LaunchScreen.storyboard in Resources */,
				2F06262122DC9B99008B6573 /* mask_alpha.png in Resources */,
				2F06262222DC9B99008B6573 /* mask_gray.jpg in Resources */,
				2F06262022DC9B99008B6573 /* faces1.jpg in Resources */,
				2F06261822DC9B6F008B6573 /* Start.storyboard in Resources */,
				2F06261D22DC9B99008B6573 /* blue_tshirt.jpg in Resources */,
				2FDA7C11233A3CAA00852F3C /* Colors.xcassets in Resources */,
			);
			runOnlyForDeploymentPostprocessing = 0;
		};
		2F40713522C23293008181F8 /* Resources */ = {
			isa = PBXResourcesBuildPhase;
			buildActionMask = 2147483647;
			files = (
				2F40714522C23294008181F8 /* LaunchScreen.storyboard in Resources */,
				2F3DC04222E0FD5300274425 /* face.jpg in Resources */,
				2F5D214622C3EC780049B7DA /* fish.jpg in Resources */,
				2F5D214A22C3F6430049B7DA /* mask_alpha.png in Resources */,
				2FCA1B4D22CA1EB700D12415 /* color1.jpg in Resources */,
				2F2E363722EB921B00948EA2 /* MyTable.strings in Resources */,
				2F40716222C239E9008181F8 /* Start.storyboard in Resources */,
				2FCA1B4C22CA1EB700D12415 /* color2.jpg in Resources */,
				2F5D214222C39D8E0049B7DA /* animation.gif in Resources */,
				2F5D214822C3F5700049B7DA /* mask_gray.jpg in Resources */,
				2FCAFC0E22C4DEEB00A5E37A /* faces1.jpg in Resources */,
				2FCAFC1422C5270100A5E37A /* chroma_key.jpg in Resources */,
				2FCAFC1022C4E36100A5E37A /* qrcode.png in Resources */,
				2F40714222C23294008181F8 /* Assets.xcassets in Resources */,
				2F40714022C23293008181F8 /* Main.storyboard in Resources */,
				2FDA7C10233A3CAA00852F3C /* Colors.xcassets in Resources */,
				2FCAFC1622C5319D00A5E37A /* blue_tshirt.jpg in Resources */,
			);
			runOnlyForDeploymentPostprocessing = 0;
		};
/* End PBXResourcesBuildPhase section */

/* Begin PBXShellScriptBuildPhase section */
		031A407BA11D923128588D08 /* [CP] Check Pods Manifest.lock */ = {
			isa = PBXShellScriptBuildPhase;
			buildActionMask = 2147483647;
			files = (
			);
			inputFileListPaths = (
			);
			inputPaths = (
				"${PODS_PODFILE_DIR_PATH}/Podfile.lock",
				"${PODS_ROOT}/Manifest.lock",
			);
			name = "[CP] Check Pods Manifest.lock";
			outputFileListPaths = (
			);
			outputPaths = (
				"$(DERIVED_FILE_DIR)/Pods-ProjectModelTests-checkManifestLockResult.txt",
			);
			runOnlyForDeploymentPostprocessing = 0;
			shellPath = /bin/sh;
			shellScript = "diff \"${PODS_PODFILE_DIR_PATH}/Podfile.lock\" \"${PODS_ROOT}/Manifest.lock\" > /dev/null\nif [ $? != 0 ] ; then\n    # print error to STDERR\n    echo \"error: The sandbox is not in sync with the Podfile.lock. Run 'pod install' or update your CocoaPods installation.\" >&2\n    exit 1\nfi\n# This output is used by Xcode 'outputs' to avoid re-running this script phase.\necho \"SUCCESS\" > \"${SCRIPT_OUTPUT_FILE_0}\"\n";
			showEnvVarsInLog = 0;
		};
		9630706856CA068B608D6318 /* [CP] Check Pods Manifest.lock */ = {
			isa = PBXShellScriptBuildPhase;
			buildActionMask = 2147483647;
			files = (
			);
			inputFileListPaths = (
			);
			inputPaths = (
				"${PODS_PODFILE_DIR_PATH}/Podfile.lock",
				"${PODS_ROOT}/Manifest.lock",
			);
			name = "[CP] Check Pods Manifest.lock";
			outputFileListPaths = (
			);
			outputPaths = (
				"$(DERIVED_FILE_DIR)/Pods-ProjectModel-checkManifestLockResult.txt",
			);
			runOnlyForDeploymentPostprocessing = 0;
			shellPath = /bin/sh;
			shellScript = "diff \"${PODS_PODFILE_DIR_PATH}/Podfile.lock\" \"${PODS_ROOT}/Manifest.lock\" > /dev/null\nif [ $? != 0 ] ; then\n    # print error to STDERR\n    echo \"error: The sandbox is not in sync with the Podfile.lock. Run 'pod install' or update your CocoaPods installation.\" >&2\n    exit 1\nfi\n# This output is used by Xcode 'outputs' to avoid re-running this script phase.\necho \"SUCCESS\" > \"${SCRIPT_OUTPUT_FILE_0}\"\n";
			showEnvVarsInLog = 0;
		};
		AC1EBEC9525D2853AF169600 /* [CP] Embed Pods Frameworks */ = {
			isa = PBXShellScriptBuildPhase;
			buildActionMask = 2147483647;
			files = (
			);
			inputFileListPaths = (
				"${PODS_ROOT}/Target Support Files/Pods-ProjectModel/Pods-ProjectModel-frameworks-${CONFIGURATION}-input-files.xcfilelist",
			);
			name = "[CP] Embed Pods Frameworks";
			outputFileListPaths = (
				"${PODS_ROOT}/Target Support Files/Pods-ProjectModel/Pods-ProjectModel-frameworks-${CONFIGURATION}-output-files.xcfilelist",
			);
			runOnlyForDeploymentPostprocessing = 0;
			shellPath = /bin/sh;
			shellScript = "\"${PODS_ROOT}/Target Support Files/Pods-ProjectModel/Pods-ProjectModel-frameworks.sh\"\n";
			showEnvVarsInLog = 0;
		};
		FABBD93E16BF63DBC524BC81 /* [CP] Embed Pods Frameworks */ = {
			isa = PBXShellScriptBuildPhase;
			buildActionMask = 2147483647;
			files = (
			);
			inputFileListPaths = (
				"${PODS_ROOT}/Target Support Files/Pods-ProjectModelTests/Pods-ProjectModelTests-frameworks-${CONFIGURATION}-input-files.xcfilelist",
			);
			name = "[CP] Embed Pods Frameworks";
			outputFileListPaths = (
				"${PODS_ROOT}/Target Support Files/Pods-ProjectModelTests/Pods-ProjectModelTests-frameworks-${CONFIGURATION}-output-files.xcfilelist",
			);
			runOnlyForDeploymentPostprocessing = 0;
			shellPath = /bin/sh;
			shellScript = "\"${PODS_ROOT}/Target Support Files/Pods-ProjectModelTests/Pods-ProjectModelTests-frameworks.sh\"\n";
			showEnvVarsInLog = 0;
		};
/* End PBXShellScriptBuildPhase section */

/* Begin PBXSourcesBuildPhase section */
		2F0625F822DC9058008B6573 /* Sources */ = {
			isa = PBXSourcesBuildPhase;
			buildActionMask = 2147483647;
			files = (
				2F06261622DC9B5F008B6573 /* UIBubbleView.swift in Sources */,
				2F06260D22DC9B14008B6573 /* App.swift in Sources */,
				2F06260F22DC9B22008B6573 /* Palette.swift in Sources */,
				2F06260C22DC9B12008B6573 /* AppDelegate.swift in Sources */,
				2F06260922DC9AD4008B6573 /* String+Extensions.swift in Sources */,
				2F06260A22DC9AD7008B6573 /* UIColor+Extensions.swift in Sources */,
				2F06260B22DC9AD9008B6573 /* Random+Extensions.swift in Sources */,
				2F06262622DC9BAC008B6573 /* TextComposer.swift in Sources */,
				2F06262922DC9BDA008B6573 /* ConnectionAlamofire.swift in Sources */,
				2F06261A22DC9B8F008B6573 /* SampleManager.swift in Sources */,
				2F06262722DC9BD5008B6573 /* ConnectionManager.swift in Sources */,
				2F06261422DC9B40008B6573 /* SampleViewController.swift in Sources */,
				2F06261022DC9B35008B6573 /* EmptyViewController.swift in Sources */,
				2F06260E22DC9B1F008B6573 /* ToolBox.swift in Sources */,
				2F0625FF22DC9058008B6573 /* ProjectModelTests.swift in Sources */,
				2F06261522DC9B43008B6573 /* PhotoViewController.swift in Sources */,
				2F06262822DC9BD8008B6573 /* Reachability.swift in Sources */,
				2F06260722DC9ACD008B6573 /* UIViewController+Extensions.swift in Sources */,
				2F06262522DC9BA5008B6573 /* SampleDataSource.swift in Sources */,
				2F06261322DC9B3D008B6573 /* AppStartViewController.swift in Sources */,
				2F06261122DC9B38008B6573 /* ViewController.swift in Sources */,
				2F06261222DC9B3B008B6573 /* TestFluxVC.swift in Sources */,
				2F06260822DC9AD0008B6573 /* NSPointerArray+Extensions.swift in Sources */,
				2F06260622DC9AA2008B6573 /* UIImage+Extensions.swift in Sources */,
			);
			runOnlyForDeploymentPostprocessing = 0;
		};
		2F40713322C23293008181F8 /* Sources */ = {
			isa = PBXSourcesBuildPhase;
			buildActionMask = 2147483647;
			files = (
				2F40716022C238BC008181F8 /* NSPointerArray+Extensions.swift in Sources */,
				2F40717222C26FE8008181F8 /* String+Extensions.swift in Sources */,
				2F40714E22C233B1008181F8 /* App.swift in Sources */,
				2F40717022C26852008181F8 /* UIImage+Extensions.swift in Sources */,
				2FD5B1A222CB76F100B3C1D4 /* UIBubbleView.swift in Sources */,
				2F40715E22C23818008181F8 /* UIViewController+Extensions.swift in Sources */,
				2FCA1B6422CA56CD00D12415 /* Palette.swift in Sources */,
				2F40716522C23A0B008181F8 /* TestFluxVC.swift in Sources */,
				2FD8993622C67CEC00C193FE /* SampleManager.swift in Sources */,
				2FCA1B6722CA7A3200D12415 /* SwiftDocumentation.swift in Sources */,
				2FD8993A22C684AE00C193FE /* ViewController.swift in Sources */,
				2FE5F90722FDA4280078A194 /* Button.swift in Sources */,
				2F40716822C24115008181F8 /* User.swift in Sources */,
				2FCAFC1C22C5526B00A5E37A /* ConnectionAlamofire.swift in Sources */,
				2F40716622C23A0B008181F8 /* AppStartViewController.swift in Sources */,
				2F40713B22C23293008181F8 /* AppDelegate.swift in Sources */,
				2F40716C22C242BD008181F8 /* Reachability.swift in Sources */,
				2FCAFC1822C53B2B00A5E37A /* UIColor+Extensions.swift in Sources */,
				2F40716D22C242BD008181F8 /* ConnectionManager.swift in Sources */,
				2F2B629C22CFD2E4004B3BC1 /* EmptyViewController.swift in Sources */,
				2FCAFC1E22C552F700A5E37A /* SampleDataSource.swift in Sources */,
				2FD8993822C67EB500C193FE /* SampleViewController.swift in Sources */,
				2F40715A22C23504008181F8 /* ToolBox.swift in Sources */,
				2F86EAE722CE4CE9009564CD /* TextComposer.swift in Sources */,
				2FD8993322C6500500C193FE /* Random+Extensions.swift in Sources */,
				2F2B629E22CFD342004B3BC1 /* PhotoViewController.swift in Sources */,
			);
			runOnlyForDeploymentPostprocessing = 0;
		};
/* End PBXSourcesBuildPhase section */

/* Begin PBXTargetDependency section */
		2F06260222DC9058008B6573 /* PBXTargetDependency */ = {
			isa = PBXTargetDependency;
			target = 2F40713622C23293008181F8 /* ProjectModel */;
			targetProxy = 2F06260122DC9058008B6573 /* PBXContainerItemProxy */;
		};
/* End PBXTargetDependency section */

/* Begin PBXVariantGroup section */
		2F40713E22C23293008181F8 /* Main.storyboard */ = {
			isa = PBXVariantGroup;
			children = (
				2F40713F22C23293008181F8 /* Base */,
			);
			name = Main.storyboard;
			sourceTree = "<group>";
		};
		2F40714322C23294008181F8 /* LaunchScreen.storyboard */ = {
			isa = PBXVariantGroup;
			children = (
				2F40714422C23294008181F8 /* Base */,
			);
			name = LaunchScreen.storyboard;
			sourceTree = "<group>";
		};
/* End PBXVariantGroup section */

/* Begin XCBuildConfiguration section */
		2F06260422DC9058008B6573 /* Debug */ = {
			isa = XCBuildConfiguration;
			baseConfigurationReference = 9F8EBA473D34F726F09F62C7 /* Pods-ProjectModelTests.debug.xcconfig */;
			buildSettings = {
				BUNDLE_LOADER = "$(TEST_HOST)";
				CODE_SIGN_STYLE = Automatic;
				DEVELOPMENT_TEAM = 55585KEBRM;
				INFOPLIST_FILE = ProjectModelTests/Info.plist;
				LD_RUNPATH_SEARCH_PATHS = (
					"$(inherited)",
					"@executable_path/Frameworks",
					"@loader_path/Frameworks",
				);
				PRODUCT_BUNDLE_IDENTIFIER = br.com.ericogt.ProjectModelTests;
				PRODUCT_NAME = "$(TARGET_NAME)";
				SWIFT_VERSION = 4.2;
				TARGETED_DEVICE_FAMILY = "1,2";
				TEST_HOST = "$(BUILT_PRODUCTS_DIR)/ProjectModel.app/ProjectModel";
			};
			name = Debug;
		};
		2F06260522DC9058008B6573 /* Release */ = {
			isa = XCBuildConfiguration;
			baseConfigurationReference = E2FE588FCE9400096E115F28 /* Pods-ProjectModelTests.release.xcconfig */;
			buildSettings = {
				BUNDLE_LOADER = "$(TEST_HOST)";
				CODE_SIGN_STYLE = Automatic;
				DEVELOPMENT_TEAM = 55585KEBRM;
				INFOPLIST_FILE = ProjectModelTests/Info.plist;
				LD_RUNPATH_SEARCH_PATHS = (
					"$(inherited)",
					"@executable_path/Frameworks",
					"@loader_path/Frameworks",
				);
				PRODUCT_BUNDLE_IDENTIFIER = br.com.ericogt.ProjectModelTests;
				PRODUCT_NAME = "$(TARGET_NAME)";
				SWIFT_VERSION = 4.2;
				TARGETED_DEVICE_FAMILY = "1,2";
				TEST_HOST = "$(BUILT_PRODUCTS_DIR)/ProjectModel.app/ProjectModel";
			};
			name = Release;
		};
		2F40714722C23294008181F8 /* Debug */ = {
			isa = XCBuildConfiguration;
			buildSettings = {
				ALWAYS_SEARCH_USER_PATHS = NO;
				CLANG_ANALYZER_NONNULL = YES;
				CLANG_ANALYZER_NUMBER_OBJECT_CONVERSION = YES_AGGRESSIVE;
				CLANG_CXX_LANGUAGE_STANDARD = "gnu++14";
				CLANG_CXX_LIBRARY = "libc++";
				CLANG_ENABLE_MODULES = YES;
				CLANG_ENABLE_OBJC_ARC = YES;
				CLANG_ENABLE_OBJC_WEAK = YES;
				CLANG_WARN_BLOCK_CAPTURE_AUTORELEASING = YES;
				CLANG_WARN_BOOL_CONVERSION = YES;
				CLANG_WARN_COMMA = YES;
				CLANG_WARN_CONSTANT_CONVERSION = YES;
				CLANG_WARN_DEPRECATED_OBJC_IMPLEMENTATIONS = YES;
				CLANG_WARN_DIRECT_OBJC_ISA_USAGE = YES_ERROR;
				CLANG_WARN_DOCUMENTATION_COMMENTS = YES;
				CLANG_WARN_EMPTY_BODY = YES;
				CLANG_WARN_ENUM_CONVERSION = YES;
				CLANG_WARN_INFINITE_RECURSION = YES;
				CLANG_WARN_INT_CONVERSION = YES;
				CLANG_WARN_NON_LITERAL_NULL_CONVERSION = YES;
				CLANG_WARN_OBJC_IMPLICIT_RETAIN_SELF = YES;
				CLANG_WARN_OBJC_LITERAL_CONVERSION = YES;
				CLANG_WARN_OBJC_ROOT_CLASS = YES_ERROR;
				CLANG_WARN_RANGE_LOOP_ANALYSIS = YES;
				CLANG_WARN_STRICT_PROTOTYPES = YES;
				CLANG_WARN_SUSPICIOUS_MOVE = YES;
				CLANG_WARN_UNGUARDED_AVAILABILITY = YES_AGGRESSIVE;
				CLANG_WARN_UNREACHABLE_CODE = YES;
				CLANG_WARN__DUPLICATE_METHOD_MATCH = YES;
				CODE_SIGN_IDENTITY = "iPhone Developer";
				COPY_PHASE_STRIP = NO;
				DEBUG_INFORMATION_FORMAT = dwarf;
				ENABLE_STRICT_OBJC_MSGSEND = YES;
				ENABLE_TESTABILITY = YES;
				GCC_C_LANGUAGE_STANDARD = gnu11;
				GCC_DYNAMIC_NO_PIC = NO;
				GCC_NO_COMMON_BLOCKS = YES;
				GCC_OPTIMIZATION_LEVEL = 0;
				GCC_PREPROCESSOR_DEFINITIONS = (
					"DEBUG=1",
					"$(inherited)",
				);
				GCC_WARN_64_TO_32_BIT_CONVERSION = YES;
				GCC_WARN_ABOUT_RETURN_TYPE = YES_ERROR;
				GCC_WARN_UNDECLARED_SELECTOR = YES;
				GCC_WARN_UNINITIALIZED_AUTOS = YES_AGGRESSIVE;
				GCC_WARN_UNUSED_FUNCTION = YES;
				GCC_WARN_UNUSED_VARIABLE = YES;
				IPHONEOS_DEPLOYMENT_TARGET = 12.2;
				MTL_ENABLE_DEBUG_INFO = INCLUDE_SOURCE;
				MTL_FAST_MATH = YES;
				ONLY_ACTIVE_ARCH = YES;
				SDKROOT = iphoneos;
				SWIFT_ACTIVE_COMPILATION_CONDITIONS = DEBUG;
				SWIFT_OPTIMIZATION_LEVEL = "-Onone";
			};
			name = Debug;
		};
		2F40714822C23294008181F8 /* Release */ = {
			isa = XCBuildConfiguration;
			buildSettings = {
				ALWAYS_SEARCH_USER_PATHS = NO;
				CLANG_ANALYZER_NONNULL = YES;
				CLANG_ANALYZER_NUMBER_OBJECT_CONVERSION = YES_AGGRESSIVE;
				CLANG_CXX_LANGUAGE_STANDARD = "gnu++14";
				CLANG_CXX_LIBRARY = "libc++";
				CLANG_ENABLE_MODULES = YES;
				CLANG_ENABLE_OBJC_ARC = YES;
				CLANG_ENABLE_OBJC_WEAK = YES;
				CLANG_WARN_BLOCK_CAPTURE_AUTORELEASING = YES;
				CLANG_WARN_BOOL_CONVERSION = YES;
				CLANG_WARN_COMMA = YES;
				CLANG_WARN_CONSTANT_CONVERSION = YES;
				CLANG_WARN_DEPRECATED_OBJC_IMPLEMENTATIONS = YES;
				CLANG_WARN_DIRECT_OBJC_ISA_USAGE = YES_ERROR;
				CLANG_WARN_DOCUMENTATION_COMMENTS = YES;
				CLANG_WARN_EMPTY_BODY = YES;
				CLANG_WARN_ENUM_CONVERSION = YES;
				CLANG_WARN_INFINITE_RECURSION = YES;
				CLANG_WARN_INT_CONVERSION = YES;
				CLANG_WARN_NON_LITERAL_NULL_CONVERSION = YES;
				CLANG_WARN_OBJC_IMPLICIT_RETAIN_SELF = YES;
				CLANG_WARN_OBJC_LITERAL_CONVERSION = YES;
				CLANG_WARN_OBJC_ROOT_CLASS = YES_ERROR;
				CLANG_WARN_RANGE_LOOP_ANALYSIS = YES;
				CLANG_WARN_STRICT_PROTOTYPES = YES;
				CLANG_WARN_SUSPICIOUS_MOVE = YES;
				CLANG_WARN_UNGUARDED_AVAILABILITY = YES_AGGRESSIVE;
				CLANG_WARN_UNREACHABLE_CODE = YES;
				CLANG_WARN__DUPLICATE_METHOD_MATCH = YES;
				CODE_SIGN_IDENTITY = "iPhone Developer";
				COPY_PHASE_STRIP = NO;
				DEBUG_INFORMATION_FORMAT = "dwarf-with-dsym";
				ENABLE_NS_ASSERTIONS = NO;
				ENABLE_STRICT_OBJC_MSGSEND = YES;
				GCC_C_LANGUAGE_STANDARD = gnu11;
				GCC_NO_COMMON_BLOCKS = YES;
				GCC_WARN_64_TO_32_BIT_CONVERSION = YES;
				GCC_WARN_ABOUT_RETURN_TYPE = YES_ERROR;
				GCC_WARN_UNDECLARED_SELECTOR = YES;
				GCC_WARN_UNINITIALIZED_AUTOS = YES_AGGRESSIVE;
				GCC_WARN_UNUSED_FUNCTION = YES;
				GCC_WARN_UNUSED_VARIABLE = YES;
				IPHONEOS_DEPLOYMENT_TARGET = 12.2;
				MTL_ENABLE_DEBUG_INFO = NO;
				MTL_FAST_MATH = YES;
				SDKROOT = iphoneos;
				SWIFT_COMPILATION_MODE = wholemodule;
				SWIFT_OPTIMIZATION_LEVEL = "-O";
				VALIDATE_PRODUCT = YES;
			};
			name = Release;
		};
		2F40714A22C23294008181F8 /* Debug */ = {
			isa = XCBuildConfiguration;
			baseConfigurationReference = F16BDC48B40EDCE70D47B471 /* Pods-ProjectModel.debug.xcconfig */;
			buildSettings = {
				ASSETCATALOG_COMPILER_APPICON_NAME = AppIcon;
				CODE_SIGN_STYLE = Automatic;
				DEVELOPMENT_TEAM = 55585KEBRM;
				INFOPLIST_FILE = ProjectModel/App_Config/Info.plist;
				IPHONEOS_DEPLOYMENT_TARGET = 11.0;
				LD_RUNPATH_SEARCH_PATHS = (
					"$(inherited)",
					"@executable_path/Frameworks",
				);
				PRODUCT_BUNDLE_IDENTIFIER = br.com.ericogt.ProjectModel;
				PRODUCT_NAME = "$(TARGET_NAME)";
				SWIFT_VERSION = 4.2;
				TARGETED_DEVICE_FAMILY = 1;
			};
			name = Debug;
		};
		2F40714B22C23294008181F8 /* Release */ = {
			isa = XCBuildConfiguration;
			baseConfigurationReference = F23676382B480DA625E5A51C /* Pods-ProjectModel.release.xcconfig */;
			buildSettings = {
				ASSETCATALOG_COMPILER_APPICON_NAME = AppIcon;
				CODE_SIGN_STYLE = Automatic;
				DEVELOPMENT_TEAM = 55585KEBRM;
				INFOPLIST_FILE = ProjectModel/App_Config/Info.plist;
				IPHONEOS_DEPLOYMENT_TARGET = 11.0;
				LD_RUNPATH_SEARCH_PATHS = (
					"$(inherited)",
					"@executable_path/Frameworks",
				);
				PRODUCT_BUNDLE_IDENTIFIER = br.com.ericogt.ProjectModel;
				PRODUCT_NAME = "$(TARGET_NAME)";
				SWIFT_VERSION = 4.2;
				TARGETED_DEVICE_FAMILY = 1;
			};
			name = Release;
		};
/* End XCBuildConfiguration section */

/* Begin XCConfigurationList section */
		2F06260322DC9058008B6573 /* Build configuration list for PBXNativeTarget "ProjectModelTests" */ = {
			isa = XCConfigurationList;
			buildConfigurations = (
				2F06260422DC9058008B6573 /* Debug */,
				2F06260522DC9058008B6573 /* Release */,
			);
			defaultConfigurationIsVisible = 0;
			defaultConfigurationName = Release;
		};
		2F40713222C23292008181F8 /* Build configuration list for PBXProject "ProjectModel" */ = {
			isa = XCConfigurationList;
			buildConfigurations = (
				2F40714722C23294008181F8 /* Debug */,
				2F40714822C23294008181F8 /* Release */,
			);
			defaultConfigurationIsVisible = 0;
			defaultConfigurationName = Release;
		};
		2F40714922C23294008181F8 /* Build configuration list for PBXNativeTarget "ProjectModel" */ = {
			isa = XCConfigurationList;
			buildConfigurations = (
				2F40714A22C23294008181F8 /* Debug */,
				2F40714B22C23294008181F8 /* Release */,
			);
			defaultConfigurationIsVisible = 0;
			defaultConfigurationName = Release;
		};
/* End XCConfigurationList section */
	};
	rootObject = 2F40712F22C23292008181F8 /* Project object */;
}
